
Microsoft Visual Studio Solution File, Format Version 12.00
# Visual Studio 2013
VisualStudioVersion = 12.0.31101.0
MinimumVisualStudioVersion = 10.0.40219.1
Project("{FAE04EC0-301F-11D3-BF4B-00C04F79EFBC}") = "Ex03.GarageLogic", "Ex03.GarageLogic\Ex03.GarageLogic.csproj", "{E11AD873-05BC-4E8E-BDC8-9B96CCDD60BF}"
EndProject
Project("{FAE04EC0-301F-11D3-BF4B-00C04F79EFBC}") = "Ex03.GarageManagementSystem.ConsoleUI", "Ex03.GarageManagementSystem.ConsoleUI\Ex03.GarageManagementSystem.ConsoleUI.csproj", "{A51F6FFB-DC41-42D5-8729-6AFBBB2E046F}"
EndProject
Global
	GlobalSection(SolutionConfigurationPlatforms) = preSolution
		Debug|Any CPU = Debug|Any CPU
		Release|Any CPU = Release|Any CPU
	EndGlobalSection
	GlobalSection(ProjectConfigurationPlatforms) = postSolution
		{E11AD873-05BC-4E8E-BDC8-9B96CCDD60BF}.Debug|Any CPU.ActiveCfg = Debug|Any CPU
		{E11AD873-05BC-4E8E-BDC8-9B96CCDD60BF}.Debug|Any CPU.Build.0 = Debug|Any CPU
		{E11AD873-05BC-4E8E-BDC8-9B96CCDD60BF}.Release|Any CPU.ActiveCfg = Release|Any CPU
		{E11AD873-05BC-4E8E-BDC8-9B96CCDD60BF}.Release|Any CPU.Build.0 = Release|Any CPU
		{A51F6FFB-DC41-42D5-8729-6AFBBB2E046F}.Debug|Any CPU.ActiveCfg = Debug|Any CPU
		{A51F6FFB-DC41-42D5-8729-6AFBBB2E046F}.Debug|Any CPU.Build.0 = Debug|Any CPU
		{A51F6FFB-DC41-42D5-8729-6AFBBB2E046F}.Release|Any CPU.ActiveCfg = Release|Any CPU
		{A51F6FFB-DC41-42D5-8729-6AFBBB2E046F}.Release|Any CPU.Build.0 = Release|Any CPU
	EndGlobalSection
	GlobalSection(SolutionProperties) = preSolution
		HideSolutionNode = FALSE
	EndGlobalSection
EndGlobal
